
Microsoft Visual Studio Solution File, Format Version 12.00
# Visual Studio Version 16
VisualStudioVersion = 16.0.31729.503
MinimumVisualStudioVersion = 10.0.40219.1
Project("{FAE04EC0-301F-11D3-BF4B-00C04F79EFBC}") = "RacionalBezier", "RacionalBezier.csproj", "{DCC59F74-E622-4F29-8EFF-32CC887B3F4F}"
EndProject
Global
	GlobalSection(SolutionConfigurationPlatforms) = preSolution
		Debug|Any CPU = Debug|Any CPU
		Release|Any CPU = Release|Any CPU
	EndGlobalSection
	GlobalSection(ProjectConfigurationPlatforms) = postSolution
		{DCC59F74-E622-4F29-8EFF-32CC887B3F4F}.Debug|Any CPU.ActiveCfg = Debug|Any CPU
		{DCC59F74-E622-4F29-8EFF-32CC887B3F4F}.Debug|Any CPU.Build.0 = Debug|Any CPU
		{DCC59F74-E622-4F29-8EFF-32CC887B3F4F}.Release|Any CPU.ActiveCfg = Release|Any CPU
		{DCC59F74-E622-4F29-8EFF-32CC887B3F4F}.Release|Any CPU.Build.0 = Release|Any CPU
	EndGlobalSection
	GlobalSection(SolutionProperties) = preSolution
		HideSolutionNode = FALSE
	EndGlobalSection
	GlobalSection(ExtensibilityGlobals) = postSolution
		SolutionGuid = {8305F54A-C01D-4719-B651-85F3C19346BA}
	EndGlobalSection
EndGlobal
